Microsoft Visual Studio Solution File, Format Version 12.00
# Visual Studio Version 18
VisualStudioVersion = 18.3.11512.155 d18.3
MinimumVisualStudioVersion = 10.0.40219.1
Project("{FAE04EC0-301F-11D3-BF4B-00C04F79EFBC}") = "RethinkDb.Driver", "RethinkDb.Driver\RethinkDb.Driver.csproj", "{BF0E5A4A-4E2D-48B9-BCAA-054506396524}"
EndProject
Project("{2150E333-8FDC-42A3-9474-1A3956D46DE8}") = "Root", "Root", "{BBBED03D-30BD-4F0F-8724-7541FF090361}"
	ProjectSection(SolutionItems) = preProject
		.editorconfig = .editorconfig
		..\.gitignore = ..\.gitignore
		..\appveyor.yml = ..\appveyor.yml
		..\build.cmd = ..\build.cmd
		..\CONTRIBUTING.md = ..\CONTRIBUTING.md
		..\HISTORY.md = ..\HISTORY.md
		..\LICENSE = ..\LICENSE
		paket.dependencies = paket.dependencies
		..\README.md = ..\README.md
	EndProjectSection
EndProject
Project("{FAE04EC0-301F-11D3-BF4B-00C04F79EFBC}") = "RethinkDb.Driver.ReGrid", "RethinkDb.Driver.ReGrid\RethinkDb.Driver.ReGrid.csproj", "{D888899B-D030-44D1-9D91-99D57201A048}"
EndProject
Project("{FAE04EC0-301F-11D3-BF4B-00C04F79EFBC}") = "RethinkDb.Driver.Linq", "RethinkDb.Driver.Linq\RethinkDb.Driver.Linq.csproj", "{A661AC1D-B14A-4A7C-8CA8-90FD8DD4302B}"
EndProject
Global
	GlobalSection(SolutionConfigurationPlatforms) = preSolution
		Debug|Any CPU = Debug|Any CPU
		Release|Any CPU = Release|Any CPU
	EndGlobalSection
	GlobalSection(ProjectConfigurationPlatforms) = postSolution
		{BF0E5A4A-4E2D-48B9-BCAA-054506396524}.Debug|Any CPU.ActiveCfg = Debug|Any CPU
		{BF0E5A4A-4E2D-48B9-BCAA-054506396524}.Debug|Any CPU.Build.0 = Debug|Any CPU
		{BF0E5A4A-4E2D-48B9-BCAA-054506396524}.Release|Any CPU.ActiveCfg = Release|Any CPU
		{BF0E5A4A-4E2D-48B9-BCAA-054506396524}.Release|Any CPU.Build.0 = Release|Any CPU
		{D888899B-D030-44D1-9D91-99D57201A048}.Debug|Any CPU.ActiveCfg = Debug|Any CPU
		{D888899B-D030-44D1-9D91-99D57201A048}.Debug|Any CPU.Build.0 = Debug|Any CPU
		{D888899B-D030-44D1-9D91-99D57201A048}.Release|Any CPU.ActiveCfg = Release|Any CPU
		{D888899B-D030-44D1-9D91-99D57201A048}.Release|Any CPU.Build.0 = Release|Any CPU
		{A661AC1D-B14A-4A7C-8CA8-90FD8DD4302B}.Debug|Any CPU.ActiveCfg = Debug|Any CPU
		{A661AC1D-B14A-4A7C-8CA8-90FD8DD4302B}.Debug|Any CPU.Build.0 = Debug|Any CPU
		{A661AC1D-B14A-4A7C-8CA8-90FD8DD4302B}.Release|Any CPU.ActiveCfg = Release|Any CPU
		{A661AC1D-B14A-4A7C-8CA8-90FD8DD4302B}.Release|Any CPU.Build.0 = Release|Any CPU
	EndGlobalSection
	GlobalSection(SolutionProperties) = preSolution
		HideSolutionNode = FALSE
	EndGlobalSection
	GlobalSection(ExtensibilityGlobals) = postSolution
		SolutionGuid = {988465F1-00F2-4E91-A217-630767CFE9AA}
	EndGlobalSection
EndGlobal
